
Microsoft Visual Studio Solution File, Format Version 12.00
# Visual Studio 15
VisualStudioVersion = 15.0.26124.0
MinimumVisualStudioVersion = 15.0.26124.0
Project("{2150E333-8FDC-42A3-9474-1A3956D46DE8}") = "src", "src", "{C3DC9243-1E75-496F-AAF5-CABA3587BED3}"
EndProject
Project("{FAE04EC0-301F-11D3-BF4B-00C04F79EFBC}") = "SimpleAPI", "src\SimpleAPI\SimpleAPI.csproj", "{19B64BB7-AE04-4546-A1DF-EE4EC8BD4015}"
EndProject
Project("{2150E333-8FDC-42A3-9474-1A3956D46DE8}") = "test", "test", "{ABC6C84A-CC89-4A07-BBA7-159C0EE29BCB}"
EndProject
Project("{FAE04EC0-301F-11D3-BF4B-00C04F79EFBC}") = "SimpleAPI.TEST", "test\SimpleAPI.TEST\SimpleAPI.TEST.csproj", "{94B892C2-13BC-48CE-9AF0-A64EB99D77C7}"
EndProject
Global
	GlobalSection(SolutionConfigurationPlatforms) = preSolution
		Debug|Any CPU = Debug|Any CPU
		Debug|x64 = Debug|x64
		Debug|x86 = Debug|x86
		Release|Any CPU = Release|Any CPU
		Release|x64 = Release|x64
		Release|x86 = Release|x86
	EndGlobalSection
	GlobalSection(SolutionProperties) = preSolution
		HideSolutionNode = FALSE
	EndGlobalSection
	GlobalSection(ProjectConfigurationPlatforms) = postSolution
		{19B64BB7-AE04-4546-A1DF-EE4EC8BD4015}.Debug|Any CPU.ActiveCfg = Debug|Any CPU
		{19B64BB7-AE04-4546-A1DF-EE4EC8BD4015}.Debug|Any CPU.Build.0 = Debug|Any CPU
		{19B64BB7-AE04-4546-A1DF-EE4EC8BD4015}.Debug|x64.ActiveCfg = Debug|Any CPU
		{19B64BB7-AE04-4546-A1DF-EE4EC8BD4015}.Debug|x64.Build.0 = Debug|Any CPU
		{19B64BB7-AE04-4546-A1DF-EE4EC8BD4015}.Debug|x86.ActiveCfg = Debug|Any CPU
		{19B64BB7-AE04-4546-A1DF-EE4EC8BD4015}.Debug|x86.Build.0 = Debug|Any CPU
		{19B64BB7-AE04-4546-A1DF-EE4EC8BD4015}.Release|Any CPU.ActiveCfg = Release|Any CPU
		{19B64BB7-AE04-4546-A1DF-EE4EC8BD4015}.Release|Any CPU.Build.0 = Release|Any CPU
		{19B64BB7-AE04-4546-A1DF-EE4EC8BD4015}.Release|x64.ActiveCfg = Release|Any CPU
		{19B64BB7-AE04-4546-A1DF-EE4EC8BD4015}.Release|x64.Build.0 = Release|Any CPU
		{19B64BB7-AE04-4546-A1DF-EE4EC8BD4015}.Release|x86.ActiveCfg = Release|Any CPU
		{19B64BB7-AE04-4546-A1DF-EE4EC8BD4015}.Release|x86.Build.0 = Release|Any CPU
		{94B892C2-13BC-48CE-9AF0-A64EB99D77C7}.Debug|Any CPU.ActiveCfg = Debug|Any CPU
		{94B892C2-13BC-48CE-9AF0-A64EB99D77C7}.Debug|Any CPU.Build.0 = Debug|Any CPU
		{94B892C2-13BC-48CE-9AF0-A64EB99D77C7}.Debug|x64.ActiveCfg = Debug|Any CPU
		{94B892C2-13BC-48CE-9AF0-A64EB99D77C7}.Debug|x64.Build.0 = Debug|Any CPU
		{94B892C2-13BC-48CE-9AF0-A64EB99D77C7}.Debug|x86.ActiveCfg = Debug|Any CPU
		{94B892C2-13BC-48CE-9AF0-A64EB99D77C7}.Debug|x86.Build.0 = Debug|Any CPU
		{94B892C2-13BC-48CE-9AF0-A64EB99D77C7}.Release|Any CPU.ActiveCfg = Release|Any CPU
		{94B892C2-13BC-48CE-9AF0-A64EB99D77C7}.Release|Any CPU.Build.0 = Release|Any CPU
		{94B892C2-13BC-48CE-9AF0-A64EB99D77C7}.Release|x64.ActiveCfg = Release|Any CPU
		{94B892C2-13BC-48CE-9AF0-A64EB99D77C7}.Release|x64.Build.0 = Release|Any CPU
		{94B892C2-13BC-48CE-9AF0-A64EB99D77C7}.Release|x86.ActiveCfg = Release|Any CPU
		{94B892C2-13BC-48CE-9AF0-A64EB99D77C7}.Release|x86.Build.0 = Release|Any CPU
	EndGlobalSection
	GlobalSection(NestedProjects) = preSolution
		{19B64BB7-AE04-4546-A1DF-EE4EC8BD4015} = {C3DC9243-1E75-496F-AAF5-CABA3587BED3}
		{94B892C2-13BC-48CE-9AF0-A64EB99D77C7} = {ABC6C84A-CC89-4A07-BBA7-159C0EE29BCB}
	EndGlobalSection
EndGlobal
